
Microsoft Visual Studio Solution File, Format Version 12.00
# Visual Studio Version 17
VisualStudioVersion = 17.3.32929.385
MinimumVisualStudioVersion = 10.0.40219.1
Project("{FAE04EC0-301F-11D3-BF4B-00C04F79EFBC}") = "LabKube", "LabKube\LabKube.csproj", "{19529802-9EFE-4EA0-ADC8-B04F3C8CBFB0}"
EndProject
Global
	GlobalSection(SolutionConfigurationPlatforms) = preSolution
		Debug|Any CPU = Debug|Any CPU
		Release|Any CPU = Release|Any CPU
	EndGlobalSection
	GlobalSection(ProjectConfigurationPlatforms) = postSolution
		{19529802-9EFE-4EA0-ADC8-B04F3C8CBFB0}.Debug|Any CPU.ActiveCfg = Debug|Any CPU
		{19529802-9EFE-4EA0-ADC8-B04F3C8CBFB0}.Debug|Any CPU.Build.0 = Debug|Any CPU
		{19529802-9EFE-4EA0-ADC8-B04F3C8CBFB0}.Release|Any CPU.ActiveCfg = Release|Any CPU
		{19529802-9EFE-4EA0-ADC8-B04F3C8CBFB0}.Release|Any CPU.Build.0 = Release|Any CPU
	EndGlobalSection
	GlobalSection(SolutionProperties) = preSolution
		HideSolutionNode = FALSE
	EndGlobalSection
	GlobalSection(ExtensibilityGlobals) = postSolution
		SolutionGuid = {266C711F-04A0-4A56-9067-8F119F939CAC}
	EndGlobalSection
EndGlobal
